
Microsoft Visual Studio Solution File, Format Version 12.00
# Visual Studio Version 17
VisualStudioVersion = 17.8.34330.188
MinimumVisualStudioVersion = 10.0.40219.1
Project("{FAE04EC0-301F-11D3-BF4B-00C04F79EFBC}") = "RemoteOpenDoor", "RemoteOpenDoor\RemoteOpenDoor.csproj", "{75F09AE9-1B07-4358-AF0C-A89532F9C35C}"
EndProject
Global
	GlobalSection(SolutionConfigurationPlatforms) = preSolution
		Debug|Any CPU = Debug|Any CPU
		Release|Any CPU = Release|Any CPU
	EndGlobalSection
	GlobalSection(ProjectConfigurationPlatforms) = postSolution
		{75F09AE9-1B07-4358-AF0C-A89532F9C35C}.Debug|Any CPU.ActiveCfg = Debug|Any CPU
		{75F09AE9-1B07-4358-AF0C-A89532F9C35C}.Debug|Any CPU.Build.0 = Debug|Any CPU
		{75F09AE9-1B07-4358-AF0C-A89532F9C35C}.Release|Any CPU.ActiveCfg = Release|Any CPU
		{75F09AE9-1B07-4358-AF0C-A89532F9C35C}.Release|Any CPU.Build.0 = Release|Any CPU
	EndGlobalSection
	GlobalSection(SolutionProperties) = preSolution
		HideSolutionNode = FALSE
	EndGlobalSection
	GlobalSection(ExtensibilityGlobals) = postSolution
		SolutionGuid = {6428E927-FCC1-4AFB-A771-942D746EB7E9}
	EndGlobalSection
EndGlobal
